PODS:
  - Charts (3.3):
    - Charts/Core (= 3.3)
  - Charts/Core (3.3)
  - PKHUD (5.2.1)
  - Realm (3.14.1):
    - Realm/Headers (= 3.14.1)
  - Realm/Headers (3.14.1)
  - RealmSwift (3.14.1):
    - Realm (= 3.14.1)
  - SnapKit (4.2.0)
  - SwiftDate (6.0.2)

DEPENDENCIES:
  - Charts
  - PKHUD (~> 5.0)
  - RealmSwift
  - SnapKit
  - SwiftDate

SPEC REPOS:
  https://github.com/cocoapods/specs.git:
    - Charts
    - PKHUD
    - Realm
    - RealmSwift
    - SnapKit
    - SwiftDate

SPEC CHECKSUMS:
  Charts: a5609adcbd70a0f7e15c6984d7e9b5ceecf3b71d
  PKHUD: 4e6162c4c39ac367c6934e9855c6b4762ee16256
  Realm: e12c9c2387d05c5bba3a9c394838f5870e85763b
  RealmSwift: a82eab9b04c3e1616082c7e17aa300740847769c
  SnapKit: fe8a619752f3f27075cc9a90244d75c6c3f27e2a
  SwiftDate: bbed9b23bfec599bd62b9a305afc554f7bd0eb6f

PODFILE CHECKSUM: 69e7eca5fc1fb17c8a7bbdf504ba716e1e46eb6b

COCOAPODS: 1.5.3
