PODS:
  - Charts (3.3.0):
    - Charts/Core (= 3.3.0)
  - Charts/Core (3.3.0)
  - PKHUD (5.3.0)
  - Realm (3.17.1):
    - Realm/Headers (= 3.17.1)
  - Realm/Headers (3.17.1)
  - RealmSwift (3.17.1):
    - Realm (= 3.17.1)
  - SnapKit (5.0.0)
  - SwiftDate (6.0.3)

DEPENDENCIES:
  - Charts (= 3.3.0)
  - PKHUD (= 5.3.0)
  - RealmSwift (= 3.17.1)
  - SnapKit (= 5.0.0)
  - SwiftDate (= 6.0.3)

SPEC REPOS:
  https://github.com/cocoapods/specs.git:
    - Charts
    - PKHUD
    - Realm
    - RealmSwift
    - SnapKit
    - SwiftDate

SPEC CHECKSUMS:
  Charts: e0dd4cd8f257bccf98407b58183ddca8e8d5b578
  PKHUD: 98f3e4bc904b9c916f1c5bb6d765365b5357291b
  Realm: c204f1a890f07dea43b14132a6aad118c054b8f2
  RealmSwift: 4d3c9233544b9cd08a8913e0872b9038eb99b054
  SnapKit: fd22d10eb9aff484d79a8724eab922c1ddf89bcf
  SwiftDate: 8d4f14bf1ef68e95094511504856547bf9e3e1a6

PODFILE CHECKSUM: c997c0107eaec7d3aa7e157de957f9909970e719

COCOAPODS: 1.6.2
